{
    "_readme": [
        "This file locks the dependencies of your project to a known state",
        "Read more about it at https://getcomposer.org/doc/01-basic-usage.md#installing-dependencies",
        "This file is @generated automatically"
    ],
    "content-hash": "5b803b4aea7b7b2045d34143d11e12c1",
    "packages": [
        {
            "name": "components/jquery",
            "version": "3.3.1",
            "source": {
                "type": "git",
                "url": "https://github.com/components/jquery.git",
                "reference": "459648cda77875519c5da3ae1dd0ed5d170aa649"
            },
            "dist": {
                "type": "zip",
                "url": "https://api.github.com/repos/components/jquery/zipball/459648cda77875519c5da3ae1dd0ed5d170aa649",
                "reference": "459648cda77875519c5da3ae1dd0ed5d170aa649",
                "shasum": ""
            },
            "type": "component",
            "extra": {
                "component": {
                    "scripts": [
                        "jquery.js"
                    ],
                    "files": [
                        "jquery.min.js",
                        "jquery.min.map",
                        "jquery.slim.js",
                        "jquery.slim.min.js",
                        "jquery.slim.min.map"
                    ]
                }
            },
            "notification-url": "https://packagist.org/downloads/",
            "license": [
                "MIT"
            ],
            "authors": [
                {
                    "name": "JS Foundation and other contributors"
                }
            ],
            "description": "jQuery JavaScript Library",
            "homepage": "http://jquery.com",
            "time": "2018-03-04T13:23:48+00:00"
        },
        {
            "name": "composer/installers",
            "version": "v1.5.0",
            "source": {
                "type": "git",
                "url": "https://github.com/composer/installers.git",
                "reference": "049797d727261bf27f2690430d935067710049c2"
            },
            "dist": {
                "type": "zip",
                "url": "https://api.github.com/repos/composer/installers/zipball/049797d727261bf27f2690430d935067710049c2",
                "reference": "049797d727261bf27f2690430d935067710049c2",
                "shasum": ""
            },
            "require": {
                "composer-plugin-api": "^1.0"
            },
            "replace": {
                "roundcube/plugin-installer": "*",
                "shama/baton": "*"
            },
            "require-dev": {
                "composer/composer": "1.0.*@dev",
                "phpunit/phpunit": "^4.8.36"
            },
            "type": "composer-plugin",
            "extra": {
                "class": "Composer\\Installers\\Plugin",
                "branch-alias": {
                    "dev-master": "1.0-dev"
                }
            },
            "autoload": {
                "psr-4": {
                    "Composer\\Installers\\": "src/Composer/Installers"
                }
            },
            "notification-url": "https://packagist.org/downloads/",
            "license": [
                "MIT"
            ],
            "authors": [
                {
                    "name": "Kyle Robinson Young",
                    "email": "kyle@dontkry.com",
                    "homepage": "https://github.com/shama"
                }
            ],
            "description": "A multi-framework Composer library installer",
            "homepage": "https://composer.github.io/installers/",
            "keywords": [
                "Craft",
                "Dolibarr",
                "Eliasis",
                "Hurad",
                "ImageCMS",
                "Kanboard",
                "Lan Management System",
                "MODX Evo",
                "Mautic",
                "Maya",
                "OXID",
                "Plentymarkets",
                "Porto",
                "RadPHP",
                "SMF",
                "Thelia",
                "WolfCMS",
                "agl",
                "aimeos",
                "annotatecms",
                "attogram",
                "bitrix",
                "cakephp",
                "chef",
                "cockpit",
                "codeigniter",
                "concrete5",
                "croogo",
                "dokuwiki",
                "drupal",
                "eZ Platform",
                "elgg",
                "expressionengine",
                "fuelphp",
                "grav",
                "installer",
                "itop",
                "joomla",
                "kohana",
                "laravel",
                "lavalite",
                "lithium",
                "magento",
                "majima",
                "mako",
                "mediawiki",
                "modulework",
                "modx",
                "moodle",
                "osclass",
                "phpbb",
                "piwik",
                "ppi",
                "puppet",
                "pxcms",
                "reindex",
                "roundcube",
                "shopware",
                "silverstripe",
                "sydes",
                "symfony",
                "typo3",
                "wordpress",
                "yawik",
                "zend",
                "zikula"
            ],
            "time": "2017-12-29T09:13:20+00:00"
        },
        {
            "name": "level-level/facetwp-wp-cli",
            "version": "dev-master",
            "source": {
                "type": "git",
                "url": "https://github.com/level-level/facetwp-wp-cli.git",
                "reference": "48bede27dc0f8e102f11f0ac637900b0644b5931"
            },
            "type": "wordpress-muplugin",
            "time": "2016-12-27T10:00:15+00:00"
        },
        {
            "name": "mottie/tablesorter",
            "version": "v2.30.7",
            "source": {
                "type": "git",
                "url": "https://github.com/Mottie/tablesorter.git",
                "reference": "90f7326819c573ee5ab333f4a0672623d7c52e1e"
            },
            "require": {
                "components/jquery": ">=1.2.6"
            },
            "type": "component",
            "extra": {
                "component": {
                    "scripts": [
                        "dist/js/jquery.tablesorter.combined.js"
                    ],
                    "files": "dist/"
                }
            },
            "license": [
                "(MIT OR GPL-2.0)"
            ],
            "authors": [
                {
                    "name": "Christian Bach",
                    "url": "http://tablesorter.com/"
                },
                {
                    "name": "Rob Garrison",
                    "url": "https://github.com/Mottie",
                    "email": "wowmotty@gmail.com"
                }
            ],
            "description": "tablesorter (FORK) is a jQuery plugin for turning a standard HTML table with THEAD and TBODY tags into a sortable table without page refreshes. tablesorter can successfully parse and sort many types of data including linked data in a cell.",
            "homepage": "https://mottie.github.io/tablesorter/",
            "keywords": [
                "alphanumeric",
                "jquery-plugin",
                "natural",
                "sort",
                "sorting",
                "table"
            ],
            "support": {
                "email": "wowmotty@gmail.com",
                "issues": "https://github.com/Mottie/tablesorter/issues",
                "wiki": "https://github.com/Mottie/tablesorter/wiki",
                "irc": "irc://irc.freenode.org/tablesorter",
                "source": "https://github.com/Mottie/tablesorter",
                "docs": "https://mottie.github.io/tablesorter/docs/index.html"
            },
            "time": "2018-07-10T13:30:02+00:00"
        },
        {
            "name": "nnnick/chartjs",
            "version": "v2.7.2",
            "source": {
                "type": "git",
                "url": "https://github.com/chartjs/Chart.js.git",
                "reference": "98f104cdd03617f1300b417b3d60c23d4e3e3403"
            },
            "dist": {
                "type": "zip",
                "url": "https://api.github.com/repos/chartjs/Chart.js/zipball/98f104cdd03617f1300b417b3d60c23d4e3e3403",
                "reference": "98f104cdd03617f1300b417b3d60c23d4e3e3403",
                "shasum": ""
            },
            "require": {
                "php": ">=5.3.3"
            },
            "type": "library",
            "extra": {
                "branch-alias": {
                    "release/2.0": "v2.0-dev"
                }
            },
            "notification-url": "https://packagist.org/downloads/",
            "license": [
                "MIT"
            ],
            "authors": [
                {
                    "name": "NICK DOWNIE",
                    "email": "hello@nickdownie.com"
                }
            ],
            "description": "Simple HTML5 charts using the canvas element.",
            "homepage": "http://www.chartjs.org/",
            "keywords": [
                "JS",
                "chart"
            ],
            "time": "2018-03-01T21:45:21+00:00"
        },
        {
            "name": "origgami/cmb2-grid",
            "version": "dev-master",
            "source": {
                "type": "git",
                "url": "https://github.com/origgami/CMB2-grid.git",
                "reference": "08811b58b62565a9b281e6d1c6583618e1040347"
            },
            "dist": {
                "type": "zip",
                "url": "https://api.github.com/repos/origgami/CMB2-grid/zipball/08811b58b62565a9b281e6d1c6583618e1040347",
                "reference": "08811b58b62565a9b281e6d1c6583618e1040347",
                "shasum": ""
            },
            "require": {
                "composer/installers": ">=v1.1.0"
            },
            "type": "wordpress-plugin",
            "notification-url": "https://packagist.org/downloads/",
            "time": "2017-12-08T15:38:30+00:00"
        },
        {
            "name": "podkot/cmb-field-select2",
            "version": "2.1.1",
            "source": {
                "type": "git",
                "url": "https://bitbucket.org/podkot/cmb-field-select2.git",
                "reference": "9dea7d657b93ee6c8fb990036704b8a17efb8cbd"
            },
            "dist": {
                "type": "zip",
                "url": "https://bitbucket.org/podkot/cmb-field-select2/get/9dea7d657b93ee6c8fb990036704b8a17efb8cbd.zip",
                "reference": "9dea7d657b93ee6c8fb990036704b8a17efb8cbd",
                "shasum": ""
            },
            "type": "wordpress-plugin",
            "notification-url": "https://packagist.org/downloads/",
            "license": [
                "GPL-2.0+"
            ],
            "authors": [
                {
                    "name": "Phil Wylie",
                    "homepage": "http://www.philwylie.co.uk/"
                }
            ],
            "description": "Select2 field type for CMB2",
            "homepage": "https://bitbucket.org/podkot/cmb-field-select2",
            "keywords": [
                "plugin",
                "wordpress"
            ],
            "time": "2016-10-23T03:15:04+00:00"
        },
        {
            "name": "webdevstudios/cmb2",
            "version": "v2.4.2",
            "source": {
                "type": "git",
                "url": "https://github.com/CMB2/CMB2.git",
                "reference": "fdcb80985e4b4a4c7118b2ecce090af4a3309958"
            },
            "dist": {
                "type": "zip",
                "url": "https://api.github.com/repos/CMB2/CMB2/zipball/fdcb80985e4b4a4c7118b2ecce090af4a3309958",
                "reference": "fdcb80985e4b4a4c7118b2ecce090af4a3309958",
                "shasum": ""
            },
            "require": {
                "php": ">5.2.4"
            },
            "require-dev": {
                "phpunit/phpunit": "3.7.*"
            },
            "suggest": {
                "composer/installers": "~1.0"
            },
            "type": "wordpress-plugin",
            "notification-url": "https://packagist.org/downloads/",
            "license": [
                "GPL-2.0-or-later"
            ],
            "authors": [
                {
                    "name": "WebDevStudios",
                    "email": "contact@webdevstudios.com",
                    "homepage": "https://github.com/WebDevStudios",
                    "role": "Developer"
                },
                {
                    "name": "Justin Sternberg",
                    "email": "justin@dsgnwrks.pro",
                    "homepage": "https://dsgnwrks.pro",
                    "role": "Developer"
                },
                {
                    "name": "Zao",
                    "email": "office@zao.com",
                    "homepage": "http://zao.is",
                    "role": "Developer"
                }
            ],
            "description": "CMB2 is a metabox, custom fields, and forms library for WordPress that will blow your mind.",
            "homepage": "https://github.com/CMB2/CMB2",
            "keywords": [
                "metabox",
                "plugin",
                "wordpress"
            ],
            "time": "2018-05-29T14:23:29+00:00"
        },
        {
            "name": "webdevstudios/facetwp-cmb2",
            "version": "1.0.0",
            "source": {
                "type": "git",
                "url": "https://github.com/WebDevStudios/facetwp-cmb2",
                "reference": "master"
            },
            "type": "library"
        }
    ],
    "packages-dev": [],
    "aliases": [],
    "minimum-stability": "stable",
    "stability-flags": {
        "origgami/cmb2-grid": 20,
        "level-level/facetwp-wp-cli": 20
    },
    "prefer-stable": false,
    "prefer-lowest": false,
    "platform": [],
    "platform-dev": []
}
