{
  "name": "lezwatchtv-cgb-guten-block",
  "version": "1.0.1",
  "lockfileVersion": 2,
  "requires": true,
  "packages": {
    "": {
      "name": "lezwatchtv-cgb-guten-block",
      "version": "1.0.1",
      "dependencies": {
        "cgb-scripts": "^0.0.1",
        "kind-of": ">=6.0.3",
        "minimist": ">=0.2.1"
      }
    },
    "node_modules/cgb-scripts": {
      "version": "0.0.1",
      "resolved": "https://registry.npmjs.org/cgb-scripts/-/cgb-scripts-0.0.1.tgz",
      "integrity": "sha512-ur4JBYL+VJccAIh6pHwPS7PDX7V0gbQi3Sy18TraS1uO85ICSu04W3UrOFfGkFDMELYvZ7zMZdj6KH1+XtW6MA==",
      "bin": {
        "cgb-scripts": "bin/cgb-scripts.js"
      },
      "engines": {
        "node": ">=6"
      }
    },
    "node_modules/kind-of": {
      "version": "6.0.3",
      "license": "MIT",
      "engines": {
        "node": ">=0.10.0"
      }
    },
    "node_modules/minimist": {
      "version": "1.2.5",
      "license": "MIT"
    }
  },
  "dependencies": {
    "cgb-scripts": {
      "version": "0.0.1",
      "resolved": "https://registry.npmjs.org/cgb-scripts/-/cgb-scripts-0.0.1.tgz",
      "integrity": "sha512-ur4JBYL+VJccAIh6pHwPS7PDX7V0gbQi3Sy18TraS1uO85ICSu04W3UrOFfGkFDMELYvZ7zMZdj6KH1+XtW6MA=="
    },
    "kind-of": {
      "version": "6.0.3"
    },
    "minimist": {
      "version": "1.2.5"
    }
  }
}
